
Microsoft Visual Studio Solution File, Format Version 10.00
# Visual Studio 2008
Project("{E24C65DC-7377-472B-9ABA-BC803B73C61A}") = "WebSite", "WebSite\", "{2CF18DF2-4FDA-48C1-89FD-CC16D953374C}"
	ProjectSection(WebsiteProperties) = preProject
		TargetFramework = "3.5"
		Debug.AspNetCompiler.VirtualPath = "/WebSite"
		Debug.AspNetCompiler.PhysicalPath = "WebSite\"
		Debug.AspNetCompiler.TargetPath = "PrecompiledWeb\WebSite\"
		Debug.AspNetCompiler.Updateable = "true"
		Debug.AspNetCompiler.ForceOverwrite = "true"
		Debug.AspNetCompiler.FixedNames = "false"
		Debug.AspNetCompiler.Debug = "True"
		Release.AspNetCompiler.VirtualPath = "/WebSite"
		Release.AspNetCompiler.PhysicalPath = "WebSite\"
		Release.AspNetCompiler.TargetPath = "PrecompiledWeb\WebSite\"
		Release.AspNetCompiler.Updateable = "true"
		Release.AspNetCompiler.ForceOverwrite = "true"
		Release.AspNetCompiler.FixedNames = "false"
		Release.AspNetCompiler.Debug = "False"
		VWDPort = "1246"
		DefaultWebSiteLanguage = "Visual C#"
	EndProjectSection
EndProject
Project("{FAE04EC0-301F-11D3-BF4B-00C04F79EFBC}") = "WxSpace", "WXSPACE\WxSpace.csproj", "{C8272EAB-2632-4508-8B62-8A74A721A825}"
EndProject
Project("{FAE04EC0-301F-11D3-BF4B-00C04F79EFBC}") = "WebApp", "WebApp\WebApp.csproj", "{8D8DC34E-DFA5-4729-9893-805CBB70EA6D}"
EndProject
Global
	GlobalSection(SolutionConfigurationPlatforms) = preSolution
		Debug|.NET = Debug|.NET
		Debug|Any CPU = Debug|Any CPU
		Debug|Mixed Platforms = Debug|Mixed Platforms
		Release|.NET = Release|.NET
		Release|Any CPU = Release|Any CPU
		Release|Mixed Platforms = Release|Mixed Platforms
	EndGlobalSection
	GlobalSection(ProjectConfigurationPlatforms) = postSolution
		{2CF18DF2-4FDA-48C1-89FD-CC16D953374C}.Debug|.NET.ActiveCfg = Debug|.NET
		{2CF18DF2-4FDA-48C1-89FD-CC16D953374C}.Debug|.NET.Build.0 = Debug|.NET
		{2CF18DF2-4FDA-48C1-89FD-CC16D953374C}.Debug|Any CPU.ActiveCfg = Debug|.NET
		{2CF18DF2-4FDA-48C1-89FD-CC16D953374C}.Debug|Mixed Platforms.ActiveCfg = Debug|.NET
		{2CF18DF2-4FDA-48C1-89FD-CC16D953374C}.Debug|Mixed Platforms.Build.0 = Debug|.NET
		{2CF18DF2-4FDA-48C1-89FD-CC16D953374C}.Release|.NET.ActiveCfg = Debug|.NET
		{2CF18DF2-4FDA-48C1-89FD-CC16D953374C}.Release|.NET.Build.0 = Debug|.NET
		{2CF18DF2-4FDA-48C1-89FD-CC16D953374C}.Release|Any CPU.ActiveCfg = Debug|.NET
		{2CF18DF2-4FDA-48C1-89FD-CC16D953374C}.Release|Mixed Platforms.ActiveCfg = Debug|.NET
		{2CF18DF2-4FDA-48C1-89FD-CC16D953374C}.Release|Mixed Platforms.Build.0 = Debug|.NET
		{C8272EAB-2632-4508-8B62-8A74A721A825}.Debug|.NET.ActiveCfg = Debug|Any CPU
		{C8272EAB-2632-4508-8B62-8A74A721A825}.Debug|Any CPU.ActiveCfg = Debug|Any CPU
		{C8272EAB-2632-4508-8B62-8A74A721A825}.Debug|Any CPU.Build.0 = Debug|Any CPU
		{C8272EAB-2632-4508-8B62-8A74A721A825}.Debug|Mixed Platforms.ActiveCfg = Debug|Any CPU
		{C8272EAB-2632-4508-8B62-8A74A721A825}.Debug|Mixed Platforms.Build.0 = Debug|Any CPU
		{C8272EAB-2632-4508-8B62-8A74A721A825}.Release|.NET.ActiveCfg = Release|Any CPU
		{C8272EAB-2632-4508-8B62-8A74A721A825}.Release|Any CPU.ActiveCfg = Release|Any CPU
		{C8272EAB-2632-4508-8B62-8A74A721A825}.Release|Any CPU.Build.0 = Release|Any CPU
		{C8272EAB-2632-4508-8B62-8A74A721A825}.Release|Mixed Platforms.ActiveCfg = Release|Any CPU
		{C8272EAB-2632-4508-8B62-8A74A721A825}.Release|Mixed Platforms.Build.0 = Release|Any CPU
		{8D8DC34E-DFA5-4729-9893-805CBB70EA6D}.Debug|.NET.ActiveCfg = Debug|Any CPU
		{8D8DC34E-DFA5-4729-9893-805CBB70EA6D}.Debug|Any CPU.ActiveCfg = Debug|Any CPU
		{8D8DC34E-DFA5-4729-9893-805CBB70EA6D}.Debug|Any CPU.Build.0 = Debug|Any CPU
		{8D8DC34E-DFA5-4729-9893-805CBB70EA6D}.Debug|Mixed Platforms.ActiveCfg = Debug|Any CPU
		{8D8DC34E-DFA5-4729-9893-805CBB70EA6D}.Debug|Mixed Platforms.Build.0 = Debug|Any CPU
		{8D8DC34E-DFA5-4729-9893-805CBB70EA6D}.Release|.NET.ActiveCfg = Release|Any CPU
		{8D8DC34E-DFA5-4729-9893-805CBB70EA6D}.Release|Any CPU.ActiveCfg = Release|Any CPU
		{8D8DC34E-DFA5-4729-9893-805CBB70EA6D}.Release|Any CPU.Build.0 = Release|Any CPU
		{8D8DC34E-DFA5-4729-9893-805CBB70EA6D}.Release|Mixed Platforms.ActiveCfg = Release|Any CPU
		{8D8DC34E-DFA5-4729-9893-805CBB70EA6D}.Release|Mixed Platforms.Build.0 = Release|Any CPU
	EndGlobalSection
	GlobalSection(SolutionProperties) = preSolution
		HideSolutionNode = FALSE
	EndGlobalSection
EndGlobal
